
Microsoft Visual Studio Solution File, Format Version 12.00
# Visual Studio Version 16
VisualStudioVersion = 16.0.29519.87
MinimumVisualStudioVersion = 10.0.40219.1
Project("{FAE04EC0-301F-11D3-BF4B-00C04F79EFBC}") = "Tutorial.Android", "Tutorial\Tutorial.Android\Tutorial.Android.csproj", "{1A0F5AA6-277D-493B-93F1-81F00418AC12}"
EndProject
Project("{FAE04EC0-301F-11D3-BF4B-00C04F79EFBC}") = "Tutorial.iOS", "Tutorial\Tutorial.iOS\Tutorial.iOS.csproj", "{46B9D0AD-8463-4C25-BE18-0D0C05D12A52}"
EndProject
Project("{FAE04EC0-301F-11D3-BF4B-00C04F79EFBC}") = "Tutorial", "Tutorial\Tutorial\Tutorial.csproj", "{24E08C2F-B2F2-469E-9B02-184732EA1394}"
EndProject
Global
	GlobalSection(SolutionConfigurationPlatforms) = preSolution
		Debug|Any CPU = Debug|Any CPU
		Debug|iPhone = Debug|iPhone
		Debug|iPhoneSimulator = Debug|iPhoneSimulator
		Release|Any CPU = Release|Any CPU
		Release|iPhone = Release|iPhone
		Release|iPhoneSimulator = Release|iPhoneSimulator
	EndGlobalSection
	GlobalSection(ProjectConfigurationPlatforms) = postSolution
		{1A0F5AA6-277D-493B-93F1-81F00418AC12}.Debug|Any CPU.ActiveCfg = Debug|Any CPU
		{1A0F5AA6-277D-493B-93F1-81F00418AC12}.Debug|Any CPU.Build.0 = Debug|Any CPU
		{1A0F5AA6-277D-493B-93F1-81F00418AC12}.Debug|Any CPU.Deploy.0 = Debug|Any CPU
		{1A0F5AA6-277D-493B-93F1-81F00418AC12}.Debug|iPhone.ActiveCfg = Debug|Any CPU
		{1A0F5AA6-277D-493B-93F1-81F00418AC12}.Debug|iPhone.Build.0 = Debug|Any CPU
		{1A0F5AA6-277D-493B-93F1-81F00418AC12}.Debug|iPhone.Deploy.0 = Debug|Any CPU
		{1A0F5AA6-277D-493B-93F1-81F00418AC12}.Debug|iPhoneSimulator.ActiveCfg = Debug|Any CPU
		{1A0F5AA6-277D-493B-93F1-81F00418AC12}.Debug|iPhoneSimulator.Build.0 = Debug|Any CPU
		{1A0F5AA6-277D-493B-93F1-81F00418AC12}.Debug|iPhoneSimulator.Deploy.0 = Debug|Any CPU
		{1A0F5AA6-277D-493B-93F1-81F00418AC12}.Release|Any CPU.ActiveCfg = Release|Any CPU
		{1A0F5AA6-277D-493B-93F1-81F00418AC12}.Release|Any CPU.Build.0 = Release|Any CPU
		{1A0F5AA6-277D-493B-93F1-81F00418AC12}.Release|Any CPU.Deploy.0 = Release|Any CPU
		{1A0F5AA6-277D-493B-93F1-81F00418AC12}.Release|iPhone.ActiveCfg = Release|Any CPU
		{1A0F5AA6-277D-493B-93F1-81F00418AC12}.Release|iPhone.Build.0 = Release|Any CPU
		{1A0F5AA6-277D-493B-93F1-81F00418AC12}.Release|iPhone.Deploy.0 = Release|Any CPU
		{1A0F5AA6-277D-493B-93F1-81F00418AC12}.Release|iPhoneSimulator.ActiveCfg = Release|Any CPU
		{1A0F5AA6-277D-493B-93F1-81F00418AC12}.Release|iPhoneSimulator.Build.0 = Release|Any CPU
		{1A0F5AA6-277D-493B-93F1-81F00418AC12}.Release|iPhoneSimulator.Deploy.0 = Release|Any CPU
		{46B9D0AD-8463-4C25-BE18-0D0C05D12A52}.Debug|Any CPU.ActiveCfg = Debug|iPhoneSimulator
		{46B9D0AD-8463-4C25-BE18-0D0C05D12A52}.Debug|Any CPU.Build.0 = Debug|iPhoneSimulator
		{46B9D0AD-8463-4C25-BE18-0D0C05D12A52}.Debug|Any CPU.Deploy.0 = Debug|iPhoneSimulator
		{46B9D0AD-8463-4C25-BE18-0D0C05D12A52}.Debug|iPhone.ActiveCfg = Debug|iPhone
		{46B9D0AD-8463-4C25-BE18-0D0C05D12A52}.Debug|iPhone.Build.0 = Debug|iPhone
		{46B9D0AD-8463-4C25-BE18-0D0C05D12A52}.Debug|iPhone.Deploy.0 = Debug|iPhone
		{46B9D0AD-8463-4C25-BE18-0D0C05D12A52}.Debug|iPhoneSimulator.ActiveCfg = Debug|iPhoneSimulator
		{46B9D0AD-8463-4C25-BE18-0D0C05D12A52}.Debug|iPhoneSimulator.Build.0 = Debug|iPhoneSimulator
		{46B9D0AD-8463-4C25-BE18-0D0C05D12A52}.Debug|iPhoneSimulator.Deploy.0 = Debug|iPhoneSimulator
		{46B9D0AD-8463-4C25-BE18-0D0C05D12A52}.Release|Any CPU.ActiveCfg = Release|iPhone
		{46B9D0AD-8463-4C25-BE18-0D0C05D12A52}.Release|Any CPU.Build.0 = Release|iPhone
		{46B9D0AD-8463-4C25-BE18-0D0C05D12A52}.Release|Any CPU.Deploy.0 = Release|iPhone
		{46B9D0AD-8463-4C25-BE18-0D0C05D12A52}.Release|iPhone.ActiveCfg = Release|iPhone
		{46B9D0AD-8463-4C25-BE18-0D0C05D12A52}.Release|iPhone.Build.0 = Release|iPhone
		{46B9D0AD-8463-4C25-BE18-0D0C05D12A52}.Release|iPhone.Deploy.0 = Release|iPhone
		{46B9D0AD-8463-4C25-BE18-0D0C05D12A52}.Release|iPhoneSimulator.ActiveCfg = Release|iPhoneSimulator
		{46B9D0AD-8463-4C25-BE18-0D0C05D12A52}.Release|iPhoneSimulator.Build.0 = Release|iPhoneSimulator
		{46B9D0AD-8463-4C25-BE18-0D0C05D12A52}.Release|iPhoneSimulator.Deploy.0 = Release|iPhoneSimulator
		{24E08C2F-B2F2-469E-9B02-184732EA1394}.Debug|Any CPU.ActiveCfg = Debug|Any CPU
		{24E08C2F-B2F2-469E-9B02-184732EA1394}.Debug|Any CPU.Build.0 = Debug|Any CPU
		{24E08C2F-B2F2-469E-9B02-184732EA1394}.Debug|Any CPU.Deploy.0 = Debug|Any CPU
		{24E08C2F-B2F2-469E-9B02-184732EA1394}.Debug|iPhone.ActiveCfg = Debug|Any CPU
		{24E08C2F-B2F2-469E-9B02-184732EA1394}.Debug|iPhone.Build.0 = Debug|Any CPU
		{24E08C2F-B2F2-469E-9B02-184732EA1394}.Debug|iPhone.Deploy.0 = Debug|Any CPU
		{24E08C2F-B2F2-469E-9B02-184732EA1394}.Debug|iPhoneSimulator.ActiveCfg = Debug|Any CPU
		{24E08C2F-B2F2-469E-9B02-184732EA1394}.Debug|iPhoneSimulator.Build.0 = Debug|Any CPU
		{24E08C2F-B2F2-469E-9B02-184732EA1394}.Debug|iPhoneSimulator.Deploy.0 = Debug|Any CPU
		{24E08C2F-B2F2-469E-9B02-184732EA1394}.Release|Any CPU.ActiveCfg = Release|Any CPU
		{24E08C2F-B2F2-469E-9B02-184732EA1394}.Release|Any CPU.Build.0 = Release|Any CPU
		{24E08C2F-B2F2-469E-9B02-184732EA1394}.Release|Any CPU.Deploy.0 = Release|Any CPU
		{24E08C2F-B2F2-469E-9B02-184732EA1394}.Release|iPhone.ActiveCfg = Release|Any CPU
		{24E08C2F-B2F2-469E-9B02-184732EA1394}.Release|iPhone.Build.0 = Release|Any CPU
		{24E08C2F-B2F2-469E-9B02-184732EA1394}.Release|iPhone.Deploy.0 = Release|Any CPU
		{24E08C2F-B2F2-469E-9B02-184732EA1394}.Release|iPhoneSimulator.ActiveCfg = Release|Any CPU
		{24E08C2F-B2F2-469E-9B02-184732EA1394}.Release|iPhoneSimulator.Build.0 = Release|Any CPU
		{24E08C2F-B2F2-469E-9B02-184732EA1394}.Release|iPhoneSimulator.Deploy.0 = Release|Any CPU
	EndGlobalSection
	GlobalSection(SolutionProperties) = preSolution
		HideSolutionNode = FALSE
	EndGlobalSection
	GlobalSection(ExtensibilityGlobals) = postSolution
		SolutionGuid = {E33C8AE3-4AD5-4DB9-9114-63875CDF197A}
	EndGlobalSection
EndGlobal
